
Microsoft Visual Studio Solution File, Format Version 12.00
# Visual Studio Version 16
VisualStudioVersion = 16.0.28803.202
MinimumVisualStudioVersion = 10.0.40219.1
Project("{9A19103F-16F7-4668-BE54-9A1E7A4F7556}") = "Jenx.AzureDevOps.WpfClient", "src\Jenx.AzureDevOps.WpfClient\Jenx.AzureDevOps.WpfClient.csproj", "{4F08BC3D-98A9-4420-A32E-89A99DED104A}"
EndProject
Project("{9A19103F-16F7-4668-BE54-9A1E7A4F7556}") = "Jenx.AzureDevOps.Client", "src\Jenx.AzureDevOps.Client\Jenx.AzureDevOps.Client.csproj", "{BAA00423-0317-40BD-812C-C8CE6BE83902}"
EndProject
Global
	GlobalSection(SolutionConfigurationPlatforms) = preSolution
		Debug|Any CPU = Debug|Any CPU
		Release|Any CPU = Release|Any CPU
	EndGlobalSection
	GlobalSection(ProjectConfigurationPlatforms) = postSolution
		{4F08BC3D-98A9-4420-A32E-89A99DED104A}.Debug|Any CPU.ActiveCfg = Debug|Any CPU
		{4F08BC3D-98A9-4420-A32E-89A99DED104A}.Debug|Any CPU.Build.0 = Debug|Any CPU
		{4F08BC3D-98A9-4420-A32E-89A99DED104A}.Release|Any CPU.ActiveCfg = Release|Any CPU
		{4F08BC3D-98A9-4420-A32E-89A99DED104A}.Release|Any CPU.Build.0 = Release|Any CPU
		{BAA00423-0317-40BD-812C-C8CE6BE83902}.Debug|Any CPU.ActiveCfg = Debug|Any CPU
		{BAA00423-0317-40BD-812C-C8CE6BE83902}.Debug|Any CPU.Build.0 = Debug|Any CPU
		{BAA00423-0317-40BD-812C-C8CE6BE83902}.Release|Any CPU.ActiveCfg = Release|Any CPU
		{BAA00423-0317-40BD-812C-C8CE6BE83902}.Release|Any CPU.Build.0 = Release|Any CPU
	EndGlobalSection
	GlobalSection(SolutionProperties) = preSolution
		HideSolutionNode = FALSE
	EndGlobalSection
	GlobalSection(ExtensibilityGlobals) = postSolution
		SolutionGuid = {290549E9-EEBA-479B-9991-49FDC1EB77D7}
	EndGlobalSection
EndGlobal
